// !$*UTF8*$!
{
	archiveVersion = 1;
	classes = {
	};
	objectVersion = 52;
	objects = {

/* Begin PBXBuildFile section */
		0B6CC2CA238C56FC0099DF48 /* playsoundsviewcontroller-audio.swift in Sources */ = {isa = PBXBuildFile; fileRef = 0B6CC2C9238C56FC0099DF48 /* playsoundsviewcontroller-audio.swift */; };
		0BDB4DDB2384BD6000233EDB /* AppDelegate.swift in Sources */ = {isa = PBXBuildFile; fileRef = 0BDB4DDA2384BD6000233EDB /* AppDelegate.swift */; };
		0BDB4DDD2384BD6000233EDB /* SceneDelegate.swift in Sources */ = {isa = PBXBuildFile; fileRef = 0BDB4DDC2384BD6000233EDB /* SceneDelegate.swift */; };
		0BDB4DDF2384BD6000233EDB /* RecordSoundsViewController.swift in Sources */ = {isa = PBXBuildFile; fileRef = 0BDB4DDE2384BD6000233EDB /* RecordSoundsViewController.swift */; };
		0BDB4DE22384BD6000233EDB /* Main.storyboard in Resources */ = {isa = PBXBuildFile; fileRef = 0BDB4DE02384BD6000233EDB /* Main.storyboard */; };
		0BDB4DE42384BD6100233EDB /* Assets.xcassets in Resources */ = {isa = PBXBuildFile; fileRef = 0BDB4DE32384BD6100233EDB /* Assets.xcassets */; };
		0BDB4DE72384BD6100233EDB /* LaunchScreen.storyboard in Resources */ = {isa = PBXBuildFile; fileRef = 0BDB4DE52384BD6100233EDB /* LaunchScreen.storyboard */; };
		0BDB4DF22384BD6200233EDB /* Pitch_PerfectTests.swift in Sources */ = {isa = PBXBuildFile; fileRef = 0BDB4DF12384BD6200233EDB /* Pitch_PerfectTests.swift */; };
		0BDB4DFD2384BD6200233EDB /* Pitch_PerfectUITests.swift in Sources */ = {isa = PBXBuildFile; fileRef = 0BDB4DFC2384BD6200233EDB /* Pitch_PerfectUITests.swift */; };
		0BDB4E4C23871DAD00233EDB /* playSoundsViewController.swift in Sources */ = {isa = PBXBuildFile; fileRef = 0BDB4E4B23871DAD00233EDB /* playSoundsViewController.swift */; };
/* End PBXBuildFile section */

/* Begin PBXContainerItemProxy section */
		0BDB4DEE2384BD6200233EDB /* PBXContainerItemProxy */ = {
			isa = PBXContainerItemProxy;
			containerPortal = 0BDB4DCF2384BD6000233EDB /* Project object */;
			proxyType = 1;
			remoteGlobalIDString = 0BDB4DD62384BD6000233EDB;
			remoteInfo = "Pitch Perfect";
		};
		0BDB4DF92384BD6200233EDB /* PBXContainerItemProxy */ = {
			isa = PBXContainerItemProxy;
			containerPortal = 0BDB4DCF2384BD6000233EDB /* Project object */;
			proxyType = 1;
			remoteGlobalIDString = 0BDB4DD62384BD6000233EDB;
			remoteInfo = "Pitch Perfect";
		};
/* End PBXContainerItemProxy section */

/* Begin PBXFileReference section */
		0B6CC2C9238C56FC0099DF48 /* playsoundsviewcontroller-audio.swift */ = {isa = PBXFileReference; fileEncoding = 4; lastKnownFileType = sourcecode.swift; path = "playsoundsviewcontroller-audio.swift"; sourceTree = "<group>"; };
		0BDB4DD72384BD6000233EDB /* Pitch Perfect.app */ = {isa = PBXFileReference; explicitFileType = wrapper.application; includeInIndex = 0; path = "Pitch Perfect.app"; sourceTree = BUILT_PRODUCTS_DIR; };
		0BDB4DDA2384BD6000233EDB /* AppDelegate.swift */ = {isa = PBXFileReference; lastKnownFileType = sourcecode.swift; path = AppDelegate.swift; sourceTree = "<group>"; };
		0BDB4DDC2384BD6000233EDB /* SceneDelegate.swift */ = {isa = PBXFileReference; lastKnownFileType = sourcecode.swift; path = SceneDelegate.swift; sourceTree = "<group>"; };
		0BDB4DDE2384BD6000233EDB /* RecordSoundsViewController.swift */ = {isa = PBXFileReference; lastKnownFileType = sourcecode.swift; path = RecordSoundsViewController.swift; sourceTree = "<group>"; };
		0BDB4DE12384BD6000233EDB /* Base */ = {isa = PBXFileReference; lastKnownFileType = file.storyboard; name = Base; path = Base.lproj/Main.storyboard; sourceTree = "<group>"; };
		0BDB4DE32384BD6100233EDB /* Assets.xcassets */ = {isa = PBXFileReference; lastKnownFileType = folder.assetcatalog; path = Assets.xcassets; sourceTree = "<group>"; };
		0BDB4DE62384BD6100233EDB /* Base */ = {isa = PBXFileReference; lastKnownFileType = file.storyboard; name = Base; path = Base.lproj/LaunchScreen.storyboard; sourceTree = "<group>"; };
		0BDB4DE82384BD6100233EDB /* Info.plist */ = {isa = PBXFileReference; lastKnownFileType = text.plist.xml; path = Info.plist; sourceTree = "<group>"; };
		0BDB4DED2384BD6200233EDB /* Pitch PerfectTests.xctest */ = {isa = PBXFileReference; explicitFileType = wrapper.cfbundle; includeInIndex = 0; path = "Pitch PerfectTests.xctest"; sourceTree = BUILT_PRODUCTS_DIR; };
		0BDB4DF12384BD6200233EDB /* Pitch_PerfectTests.swift */ = {isa = PBXFileReference; lastKnownFileType = sourcecode.swift; path = Pitch_PerfectTests.swift; sourceTree = "<group>"; };
		0BDB4DF32384BD6200233EDB /* Info.plist */ = {isa = PBXFileReference; lastKnownFileType = text.plist.xml; path = Info.plist; sourceTree = "<group>"; };
		0BDB4DF82384BD6200233EDB /* Pitch PerfectUITests.xctest */ = {isa = PBXFileReference; explicitFileType = wrapper.cfbundle; includeInIndex = 0; path = "Pitch PerfectUITests.xctest"; sourceTree = BUILT_PRODUCTS_DIR; };
		0BDB4DFC2384BD6200233EDB /* Pitch_PerfectUITests.swift */ = {isa = PBXFileReference; lastKnownFileType = sourcecode.swift; path = Pitch_PerfectUITests.swift; sourceTree = "<group>"; };
		0BDB4DFE2384BD6200233EDB /* Info.plist */ = {isa = PBXFileReference; lastKnownFileType = text.plist.xml; path = Info.plist; sourceTree = "<group>"; };
		0BDB4E4B23871DAD00233EDB /* playSoundsViewController.swift */ = {isa = PBXFileReference; lastKnownFileType = sourcecode.swift; path = playSoundsViewController.swift; sourceTree = "<group>"; };
/* End PBXFileReference section */

/* Begin PBXFrameworksBuildPhase section */
		0BDB4DD42384BD6000233EDB /* Frameworks */ = {
			isa = PBXFrameworksBuildPhase;
			buildActionMask = 2147483647;
			files = (
			);
			runOnlyForDeploymentPostprocessing = 0;
		};
		0BDB4DEA2384BD6200233EDB /* Frameworks */ = {
			isa = PBXFrameworksBuildPhase;
			buildActionMask = 2147483647;
			files = (
			);
			runOnlyForDeploymentPostprocessing = 0;
		};
		0BDB4DF52384BD6200233EDB /* Frameworks */ = {
			isa = PBXFrameworksBuildPhase;
			buildActionMask = 2147483647;
			files = (
			);
			runOnlyForDeploymentPostprocessing = 0;
		};
/* End PBXFrameworksBuildPhase section */

/* Begin PBXGroup section */
		0BDB4DCE2384BD6000233EDB = {
			isa = PBXGroup;
			children = (
				0BDB4DD92384BD6000233EDB /* Pitch Perfect */,
				0BDB4DF02384BD6200233EDB /* Pitch PerfectTests */,
				0BDB4DFB2384BD6200233EDB /* Pitch PerfectUITests */,
				0BDB4DD82384BD6000233EDB /* Products */,
			);
			sourceTree = "<group>";
		};
		0BDB4DD82384BD6000233EDB /* Products */ = {
			isa = PBXGroup;
			children = (
				0BDB4DD72384BD6000233EDB /* Pitch Perfect.app */,
				0BDB4DED2384BD6200233EDB /* Pitch PerfectTests.xctest */,
				0BDB4DF82384BD6200233EDB /* Pitch PerfectUITests.xctest */,
			);
			name = Products;
			sourceTree = "<group>";
		};
		0BDB4DD92384BD6000233EDB /* Pitch Perfect */ = {
			isa = PBXGroup;
			children = (
				0BDB4DDA2384BD6000233EDB /* AppDelegate.swift */,
				0BDB4DDC2384BD6000233EDB /* SceneDelegate.swift */,
				0BDB4DDE2384BD6000233EDB /* RecordSoundsViewController.swift */,
				0BDB4DE02384BD6000233EDB /* Main.storyboard */,
				0BDB4DE32384BD6100233EDB /* Assets.xcassets */,
				0BDB4DE52384BD6100233EDB /* LaunchScreen.storyboard */,
				0BDB4DE82384BD6100233EDB /* Info.plist */,
				0BDB4E4B23871DAD00233EDB /* playSoundsViewController.swift */,
				0B6CC2C9238C56FC0099DF48 /* playsoundsviewcontroller-audio.swift */,
			);
			path = "Pitch Perfect";
			sourceTree = "<group>";
		};
		0BDB4DF02384BD6200233EDB /* Pitch PerfectTests */ = {
			isa = PBXGroup;
			children = (
				0BDB4DF12384BD6200233EDB /* Pitch_PerfectTests.swift */,
				0BDB4DF32384BD6200233EDB /* Info.plist */,
			);
			path = "Pitch PerfectTests";
			sourceTree = "<group>";
		};
		0BDB4DFB2384BD6200233EDB /* Pitch PerfectUITests */ = {
			isa = PBXGroup;
			children = (
				0BDB4DFC2384BD6200233EDB /* Pitch_PerfectUITests.swift */,
				0BDB4DFE2384BD6200233EDB /* Info.plist */,
			);
			path = "Pitch PerfectUITests";
			sourceTree = "<group>";
		};
/* End PBXGroup section */

/* Begin PBXNativeTarget section */
		0BDB4DD62384BD6000233EDB /* Pitch Perfect */ = {
			isa = PBXNativeTarget;
			buildConfigurationList = 0BDB4E012384BD6200233EDB /* Build configuration list for PBXNativeTarget "Pitch Perfect" */;
			buildPhases = (
				0BDB4DD32384BD6000233EDB /* Sources */,
				0BDB4DD42384BD6000233EDB /* Frameworks */,
				0BDB4DD52384BD6000233EDB /* Resources */,
			);
			buildRules = (
			);
			dependencies = (
			);
			name = "Pitch Perfect";
			productName = "Pitch Perfect";
			productReference = 0BDB4DD72384BD6000233EDB /* Pitch Perfect.app */;
			productType = "com.apple.product-type.application";
		};
		0BDB4DEC2384BD6200233EDB /* Pitch PerfectTests */ = {
			isa = PBXNativeTarget;
			buildConfigurationList = 0BDB4E042384BD6200233EDB /* Build configuration list for PBXNativeTarget "Pitch PerfectTests" */;
			buildPhases = (
				0BDB4DE92384BD6200233EDB /* Sources */,
				0BDB4DEA2384BD6200233EDB /* Frameworks */,
				0BDB4DEB2384BD6200233EDB /* Resources */,
			);
			buildRules = (
			);
			dependencies = (
				0BDB4DEF2384BD6200233EDB /* PBXTargetDependency */,
			);
			name = "Pitch PerfectTests";
			productName = "Pitch PerfectTests";
			productReference = 0BDB4DED2384BD6200233EDB /* Pitch PerfectTests.xctest */;
			productType = "com.apple.product-type.bundle.unit-test";
		};
		0BDB4DF72384BD6200233EDB /* Pitch PerfectUITests */ = {
			isa = PBXNativeTarget;
			buildConfigurationList = 0BDB4E072384BD6200233EDB /* Build configuration list for PBXNativeTarget "Pitch PerfectUITests" */;
			buildPhases = (
				0BDB4DF42384BD6200233EDB /* Sources */,
				0BDB4DF52384BD6200233EDB /* Frameworks */,
				0BDB4DF62384BD6200233EDB /* Resources */,
			);
			buildRules = (
			);
			dependencies = (
				0BDB4DFA2384BD6200233EDB /* PBXTargetDependency */,
			);
			name = "Pitch PerfectUITests";
			productName = "Pitch PerfectUITests";
			productReference = 0BDB4DF82384BD6200233EDB /* Pitch PerfectUITests.xctest */;
			productType = "com.apple.product-type.bundle.ui-testing";
		};
/* End PBXNativeTarget section */

/* Begin PBXProject section */
		0BDB4DCF2384BD6000233EDB /* Project object */ = {
			isa = PBXProject;
			attributes = {
				LastSwiftUpdateCheck = 1100;
				LastUpgradeCheck = 1100;
				ORGANIZATIONNAME = Udacity;
				TargetAttributes = {
					0BDB4DD62384BD6000233EDB = {
						CreatedOnToolsVersion = 11.0;
					};
					0BDB4DEC2384BD6200233EDB = {
						CreatedOnToolsVersion = 11.0;
						TestTargetID = 0BDB4DD62384BD6000233EDB;
					};
					0BDB4DF72384BD6200233EDB = {
						CreatedOnToolsVersion = 11.0;
						TestTargetID = 0BDB4DD62384BD6000233EDB;
					};
				};
			};
			buildConfigurationList = 0BDB4DD22384BD6000233EDB /* Build configuration list for PBXProject "Pitch Perfect" */;
			compatibilityVersion = "Xcode 11.0";
			developmentRegion = en;
			hasScannedForEncodings = 0;
			knownRegions = (
				en,
				Base,
			);
			mainGroup = 0BDB4DCE2384BD6000233EDB;
			productRefGroup = 0BDB4DD82384BD6000233EDB /* Products */;
			projectDirPath = "";
			projectRoot = "";
			targets = (
				0BDB4DD62384BD6000233EDB /* Pitch Perfect */,
				0BDB4DEC2384BD6200233EDB /* Pitch PerfectTests */,
				0BDB4DF72384BD6200233EDB /* Pitch PerfectUITests */,
			);
		};
/* End PBXProject section */

/* Begin PBXResourcesBuildPhase section */
		0BDB4DD52384BD6000233EDB /* Resources */ = {
			isa = PBXResourcesBuildPhase;
			buildActionMask = 2147483647;
			files = (
				0BDB4DE72384BD6100233EDB /* LaunchScreen.storyboard in Resources */,
				0BDB4DE42384BD6100233EDB /* Assets.xcassets in Resources */,
				0BDB4DE22384BD6000233EDB /* Main.storyboard in Resources */,
			);
			runOnlyForDeploymentPostprocessing = 0;
		};
		0BDB4DEB2384BD6200233EDB /* Resources */ = {
			isa = PBXResourcesBuildPhase;
			buildActionMask = 2147483647;
			files = (
			);
			runOnlyForDeploymentPostprocessing = 0;
		};
		0BDB4DF62384BD6200233EDB /* Resources */ = {
			isa = PBXResourcesBuildPhase;
			buildActionMask = 2147483647;
			files = (
			);
			runOnlyForDeploymentPostprocessing = 0;
		};
/* End PBXResourcesBuildPhase section */

/* Begin PBXSourcesBuildPhase section */
		0BDB4DD32384BD6000233EDB /* Sources */ = {
			isa = PBXSourcesBuildPhase;
			buildActionMask = 2147483647;
			files = (
				0BDB4DDF2384BD6000233EDB /* RecordSoundsViewController.swift in Sources */,
				0B6CC2CA238C56FC0099DF48 /* playsoundsviewcontroller-audio.swift in Sources */,
				0BDB4DDB2384BD6000233EDB /* AppDelegate.swift in Sources */,
				0BDB4E4C23871DAD00233EDB /* playSoundsViewController.swift in Sources */,
				0BDB4DDD2384BD6000233EDB /* SceneDelegate.swift in Sources */,
			);
			runOnlyForDeploymentPostprocessing = 0;
		};
		0BDB4DE92384BD6200233EDB /* Sources */ = {
			isa = PBXSourcesBuildPhase;
			buildActionMask = 2147483647;
			files = (
				0BDB4DF22384BD6200233EDB /* Pitch_PerfectTests.swift in Sources */,
			);
			runOnlyForDeploymentPostprocessing = 0;
		};
		0BDB4DF42384BD6200233EDB /* Sources */ = {
			isa = PBXSourcesBuildPhase;
			buildActionMask = 2147483647;
			files = (
				0BDB4DFD2384BD6200233EDB /* Pitch_PerfectUITests.swift in Sources */,
			);
			runOnlyForDeploymentPostprocessing = 0;
		};
/* End PBXSourcesBuildPhase section */

/* Begin PBXTargetDependency section */
		0BDB4DEF2384BD6200233EDB /* PBXTargetDependency */ = {
			isa = PBXTargetDependency;
			target = 0BDB4DD62384BD6000233EDB /* Pitch Perfect */;
			targetProxy = 0BDB4DEE2384BD6200233EDB /* PBXContainerItemProxy */;
		};
		0BDB4DFA2384BD6200233EDB /* PBXTargetDependency */ = {
			isa = PBXTargetDependency;
			target = 0BDB4DD62384BD6000233EDB /* Pitch Perfect */;
			targetProxy = 0BDB4DF92384BD6200233EDB /* PBXContainerItemProxy */;
		};
/* End PBXTargetDependency section */

/* Begin PBXVariantGroup section */
		0BDB4DE02384BD6000233EDB /* Main.storyboard */ = {
			isa = PBXVariantGroup;
			children = (
				0BDB4DE12384BD6000233EDB /* Base */,
			);
			name = Main.storyboard;
			sourceTree = "<group>";
			usesTabs = 0;
		};
		0BDB4DE52384BD6100233EDB /* LaunchScreen.storyboard */ = {
			isa = PBXVariantGroup;
			children = (
				0BDB4DE62384BD6100233EDB /* Base */,
			);
			name = LaunchScreen.storyboard;
			sourceTree = "<group>";
		};
/* End PBXVariantGroup section */

/* Begin XCBuildConfiguration section */
		0BDB4DFF2384BD6200233EDB /* Debug */ = {
			isa = XCBuildConfiguration;
			buildSettings = {
				ALWAYS_SEARCH_USER_PATHS = NO;
				CLANG_ANALYZER_NONNULL = YES;
				CLANG_ANALYZER_NUMBER_OBJECT_CONVERSION = YES_AGGRESSIVE;
				CLANG_CXX_LANGUAGE_STANDARD = "gnu++14";
				CLANG_CXX_LIBRARY = "libc++";
				CLANG_ENABLE_MODULES = YES;
				CLANG_ENABLE_OBJC_ARC = YES;
				CLANG_ENABLE_OBJC_WEAK = YES;
				CLANG_WARN_BLOCK_CAPTURE_AUTORELEASING = YES;
				CLANG_WARN_BOOL_CONVERSION = YES;
				CLANG_WARN_COMMA = YES;
				CLANG_WARN_CONSTANT_CONVERSION = YES;
				CLANG_WARN_DEPRECATED_OBJC_IMPLEMENTATIONS = YES;
				CLANG_WARN_DIRECT_OBJC_ISA_USAGE = YES_ERROR;
				CLANG_WARN_DOCUMENTATION_COMMENTS = YES;
				CLANG_WARN_EMPTY_BODY = YES;
				CLANG_WARN_ENUM_CONVERSION = YES;
				CLANG_WARN_INFINITE_RECURSION = YES;
				CLANG_WARN_INT_CONVERSION = YES;
				CLANG_WARN_NON_LITERAL_NULL_CONVERSION = YES;
				CLANG_WARN_OBJC_IMPLICIT_RETAIN_SELF = YES;
				CLANG_WARN_OBJC_LITERAL_CONVERSION = YES;
				CLANG_WARN_OBJC_ROOT_CLASS = YES_ERROR;
				CLANG_WARN_RANGE_LOOP_ANALYSIS = YES;
				CLANG_WARN_STRICT_PROTOTYPES = YES;
				CLANG_WARN_SUSPICIOUS_MOVE = YES;
				CLANG_WARN_UNGUARDED_AVAILABILITY = YES_AGGRESSIVE;
				CLANG_WARN_UNREACHABLE_CODE = YES;
				CLANG_WARN__DUPLICATE_METHOD_MATCH = YES;
				COPY_PHASE_STRIP = NO;
				DEBUG_INFORMATION_FORMAT = dwarf;
				ENABLE_STRICT_OBJC_MSGSEND = YES;
				ENABLE_TESTABILITY = YES;
				GCC_C_LANGUAGE_STANDARD = gnu11;
				GCC_DYNAMIC_NO_PIC = NO;
				GCC_NO_COMMON_BLOCKS = YES;
				GCC_OPTIMIZATION_LEVEL = 0;
				GCC_PREPROCESSOR_DEFINITIONS = (
					"DEBUG=1",
					"$(inherited)",
				);
				GCC_WARN_64_TO_32_BIT_CONVERSION = YES;
				GCC_WARN_ABOUT_RETURN_TYPE = YES_ERROR;
				GCC_WARN_UNDECLARED_SELECTOR = YES;
				GCC_WARN_UNINITIALIZED_AUTOS = YES_AGGRESSIVE;
				GCC_WARN_UNUSED_FUNCTION = YES;
				GCC_WARN_UNUSED_VARIABLE = YES;
				IPHONEOS_DEPLOYMENT_TARGET = 13.0;
				MTL_ENABLE_DEBUG_INFO = INCLUDE_SOURCE;
				MTL_FAST_MATH = YES;
				ONLY_ACTIVE_ARCH = YES;
				SDKROOT = iphoneos;
				SWIFT_ACTIVE_COMPILATION_CONDITIONS = DEBUG;
				SWIFT_OPTIMIZATION_LEVEL = "-Onone";
			};
			name = Debug;
		};
		0BDB4E002384BD6200233EDB /* Release */ = {
			isa = XCBuildConfiguration;
			buildSettings = {
				ALWAYS_SEARCH_USER_PATHS = NO;
				CLANG_ANALYZER_NONNULL = YES;
				CLANG_ANALYZER_NUMBER_OBJECT_CONVERSION = YES_AGGRESSIVE;
				CLANG_CXX_LANGUAGE_STANDARD = "gnu++14";
				CLANG_CXX_LIBRARY = "libc++";
				CLANG_ENABLE_MODULES = YES;
				CLANG_ENABLE_OBJC_ARC = YES;
				CLANG_ENABLE_OBJC_WEAK = YES;
				CLANG_WARN_BLOCK_CAPTURE_AUTORELEASING = YES;
				CLANG_WARN_BOOL_CONVERSION = YES;
				CLANG_WARN_COMMA = YES;
				CLANG_WARN_CONSTANT_CONVERSION = YES;
				CLANG_WARN_DEPRECATED_OBJC_IMPLEMENTATIONS = YES;
				CLANG_WARN_DIRECT_OBJC_ISA_USAGE = YES_ERROR;
				CLANG_WARN_DOCUMENTATION_COMMENTS = YES;
				CLANG_WARN_EMPTY_BODY = YES;
				CLANG_WARN_ENUM_CONVERSION = YES;
				CLANG_WARN_INFINITE_RECURSION = YES;
				CLANG_WARN_INT_CONVERSION = YES;
				CLANG_WARN_NON_LITERAL_NULL_CONVERSION = YES;
				CLANG_WARN_OBJC_IMPLICIT_RETAIN_SELF = YES;
				CLANG_WARN_OBJC_LITERAL_CONVERSION = YES;
				CLANG_WARN_OBJC_ROOT_CLASS = YES_ERROR;
				CLANG_WARN_RANGE_LOOP_ANALYSIS = YES;
				CLANG_WARN_STRICT_PROTOTYPES = YES;
				CLANG_WARN_SUSPICIOUS_MOVE = YES;
				CLANG_WARN_UNGUARDED_AVAILABILITY = YES_AGGRESSIVE;
				CLANG_WARN_UNREACHABLE_CODE = YES;
				CLANG_WARN__DUPLICATE_METHOD_MATCH = YES;
				COPY_PHASE_STRIP = NO;
				DEBUG_INFORMATION_FORMAT = "dwarf-with-dsym";
				ENABLE_NS_ASSERTIONS = NO;
				ENABLE_STRICT_OBJC_MSGSEND = YES;
				GCC_C_LANGUAGE_STANDARD = gnu11;
				GCC_NO_COMMON_BLOCKS = YES;
				GCC_WARN_64_TO_32_BIT_CONVERSION = YES;
				GCC_WARN_ABOUT_RETURN_TYPE = YES_ERROR;
				GCC_WARN_UNDECLARED_SELECTOR = YES;
				GCC_WARN_UNINITIALIZED_AUTOS = YES_AGGRESSIVE;
				GCC_WARN_UNUSED_FUNCTION = YES;
				GCC_WARN_UNUSED_VARIABLE = YES;
				IPHONEOS_DEPLOYMENT_TARGET = 13.0;
				MTL_ENABLE_DEBUG_INFO = NO;
				MTL_FAST_MATH = YES;
				SDKROOT = iphoneos;
				SWIFT_COMPILATION_MODE = wholemodule;
				SWIFT_OPTIMIZATION_LEVEL = "-O";
				VALIDATE_PRODUCT = YES;
			};
			name = Release;
		};
		0BDB4E022384BD6200233EDB /* Debug */ = {
			isa = XCBuildConfiguration;
			buildSettings = {
				ASSETCATALOG_COMPILER_APPICON_NAME = AppIcon;
				CODE_SIGN_IDENTITY = "Apple Development";
				CODE_SIGN_STYLE = Automatic;
				DEVELOPMENT_TEAM = TS5Y4SZG34;
				INFOPLIST_FILE = "Pitch Perfect/Info.plist";
				IPHONEOS_DEPLOYMENT_TARGET = 13.0;
				LD_RUNPATH_SEARCH_PATHS = (
					"$(inherited)",
					"@executable_path/Frameworks",
				);
				PRODUCT_BUNDLE_IDENTIFIER = angelproj;
				PRODUCT_NAME = "$(TARGET_NAME)";
				PROVISIONING_PROFILE_SPECIFIER = "";
				SWIFT_VERSION = 5.0;
				TARGETED_DEVICE_FAMILY = "1,2";
			};
			name = Debug;
		};
		0BDB4E032384BD6200233EDB /* Release */ = {
			isa = XCBuildConfiguration;
			buildSettings = {
				ASSETCATALOG_COMPILER_APPICON_NAME = AppIcon;
				CODE_SIGN_IDENTITY = "Apple Development";
				CODE_SIGN_STYLE = Automatic;
				DEVELOPMENT_TEAM = TS5Y4SZG34;
				INFOPLIST_FILE = "Pitch Perfect/Info.plist";
				IPHONEOS_DEPLOYMENT_TARGET = 13.0;
				LD_RUNPATH_SEARCH_PATHS = (
					"$(inherited)",
					"@executable_path/Frameworks",
				);
				PRODUCT_BUNDLE_IDENTIFIER = angelproj;
				PRODUCT_NAME = "$(TARGET_NAME)";
				PROVISIONING_PROFILE_SPECIFIER = "";
				SWIFT_VERSION = 5.0;
				TARGETED_DEVICE_FAMILY = "1,2";
			};
			name = Release;
		};
		0BDB4E052384BD6200233EDB /* Debug */ = {
			isa = XCBuildConfiguration;
			buildSettings = {
				ALWAYS_EMBED_SWIFT_STANDARD_LIBRARIES = YES;
				BUNDLE_LOADER = "$(TEST_HOST)";
				"CODE_SIGN_IDENTITY[sdk=macosx*]" = "Apple Development";
				CODE_SIGN_STYLE = Automatic;
				DEVELOPMENT_TEAM = TS5Y4SZG34;
				INFOPLIST_FILE = "Pitch PerfectTests/Info.plist";
				IPHONEOS_DEPLOYMENT_TARGET = 13.0;
				LD_RUNPATH_SEARCH_PATHS = (
					"$(inherited)",
					"@executable_path/Frameworks",
					"@loader_path/Frameworks",
				);
				PRODUCT_BUNDLE_IDENTIFIER = "Angel.Pitch-PerfectTests";
				PRODUCT_NAME = "$(TARGET_NAME)";
				SWIFT_VERSION = 5.0;
				TARGETED_DEVICE_FAMILY = "1,2";
				TEST_HOST = "$(BUILT_PRODUCTS_DIR)/Pitch Perfect.app/Pitch Perfect";
			};
			name = Debug;
		};
		0BDB4E062384BD6200233EDB /* Release */ = {
			isa = XCBuildConfiguration;
			buildSettings = {
				ALWAYS_EMBED_SWIFT_STANDARD_LIBRARIES = YES;
				BUNDLE_LOADER = "$(TEST_HOST)";
				"CODE_SIGN_IDENTITY[sdk=macosx*]" = "Apple Development";
				CODE_SIGN_STYLE = Automatic;
				DEVELOPMENT_TEAM = TS5Y4SZG34;
				INFOPLIST_FILE = "Pitch PerfectTests/Info.plist";
				IPHONEOS_DEPLOYMENT_TARGET = 13.0;
				LD_RUNPATH_SEARCH_PATHS = (
					"$(inherited)",
					"@executable_path/Frameworks",
					"@loader_path/Frameworks",
				);
				PRODUCT_BUNDLE_IDENTIFIER = "Angel.Pitch-PerfectTests";
				PRODUCT_NAME = "$(TARGET_NAME)";
				SWIFT_VERSION = 5.0;
				TARGETED_DEVICE_FAMILY = "1,2";
				TEST_HOST = "$(BUILT_PRODUCTS_DIR)/Pitch Perfect.app/Pitch Perfect";
			};
			name = Release;
		};
		0BDB4E082384BD6200233EDB /* Debug */ = {
			isa = XCBuildConfiguration;
			buildSettings = {
				ALWAYS_EMBED_SWIFT_STANDARD_LIBRARIES = YES;
				CODE_SIGN_STYLE = Automatic;
				INFOPLIST_FILE = "Pitch PerfectUITests/Info.plist";
				LD_RUNPATH_SEARCH_PATHS = (
					"$(inherited)",
					"@executable_path/Frameworks",
					"@loader_path/Frameworks",
				);
				PRODUCT_BUNDLE_IDENTIFIER = "Angel.Pitch-PerfectUITests";
				PRODUCT_NAME = "$(TARGET_NAME)";
				SWIFT_VERSION = 5.0;
				TARGETED_DEVICE_FAMILY = "1,2";
				TEST_TARGET_NAME = "Pitch Perfect";
			};
			name = Debug;
		};
		0BDB4E092384BD6200233EDB /* Release */ = {
			isa = XCBuildConfiguration;
			buildSettings = {
				ALWAYS_EMBED_SWIFT_STANDARD_LIBRARIES = YES;
				CODE_SIGN_STYLE = Automatic;
				INFOPLIST_FILE = "Pitch PerfectUITests/Info.plist";
				LD_RUNPATH_SEARCH_PATHS = (
					"$(inherited)",
					"@executable_path/Frameworks",
					"@loader_path/Frameworks",
				);
				PRODUCT_BUNDLE_IDENTIFIER = "Angel.Pitch-PerfectUITests";
				PRODUCT_NAME = "$(TARGET_NAME)";
				SWIFT_VERSION = 5.0;
				TARGETED_DEVICE_FAMILY = "1,2";
				TEST_TARGET_NAME = "Pitch Perfect";
			};
			name = Release;
		};
/* End XCBuildConfiguration section */

/* Begin XCConfigurationList section */
		0BDB4DD22384BD6000233EDB /* Build configuration list for PBXProject "Pitch Perfect" */ = {
			isa = XCConfigurationList;
			buildConfigurations = (
				0BDB4DFF2384BD6200233EDB /* Debug */,
				0BDB4E002384BD6200233EDB /* Release */,
			);
			defaultConfigurationIsVisible = 0;
			defaultConfigurationName = Release;
		};
		0BDB4E012384BD6200233EDB /* Build configuration list for PBXNativeTarget "Pitch Perfect" */ = {
			isa = XCConfigurationList;
			buildConfigurations = (
				0BDB4E022384BD6200233EDB /* Debug */,
				0BDB4E032384BD6200233EDB /* Release */,
			);
			defaultConfigurationIsVisible = 0;
			defaultConfigurationName = Release;
		};
		0BDB4E042384BD6200233EDB /* Build configuration list for PBXNativeTarget "Pitch PerfectTests" */ = {
			isa = XCConfigurationList;
			buildConfigurations = (
				0BDB4E052384BD6200233EDB /* Debug */,
				0BDB4E062384BD6200233EDB /* Release */,
			);
			defaultConfigurationIsVisible = 0;
			defaultConfigurationName = Release;
		};
		0BDB4E072384BD6200233EDB /* Build configuration list for PBXNativeTarget "Pitch PerfectUITests" */ = {
			isa = XCConfigurationList;
			buildConfigurations = (
				0BDB4E082384BD6200233EDB /* Debug */,
				0BDB4E092384BD6200233EDB /* Release */,
			);
			defaultConfigurationIsVisible = 0;
			defaultConfigurationName = Release;
		};
/* End XCConfigurationList section */
	};
	rootObject = 0BDB4DCF2384BD6000233EDB /* Project object */;
}
